
Microsoft Visual Studio Solution File, Format Version 12.00
# Visual Studio Version 16
VisualStudioVersion = 16.0.29613.14
MinimumVisualStudioVersion = 10.0.40219.1
Project("{9A19103F-16F7-4668-BE54-9A1E7A4F7556}") = "HBDStack.AspNetCore", "HBDStack.AspNetCore\HBDStack.AspNetCore.csproj", "{2825913E-0A3E-450E-8351-7E52207CCECF}"
EndProject
Project("{9A19103F-16F7-4668-BE54-9A1E7A4F7556}") = "HBD.AspNetCore.Tests", "HBD.AspNetCore.Tests\HBD.AspNetCore.Tests.csproj", "{9C9BEFBE-D694-4753-AF7E-D9AFB34C6AD0}"
EndProject
Project("{9A19103F-16F7-4668-BE54-9A1E7A4F7556}") = "HBDStack.AspNetCore.Extensions", "HBDStack.AspNetCore.Extensions\HBDStack.AspNetCore.Extensions.csproj", "{422251FB-E70B-4E6B-9C8B-379A045112A0}"
EndProject
Project("{FAE04EC0-301F-11D3-BF4B-00C04F79EFBC}") = "WebApiTest", "WebApiTest\WebApiTest.csproj", "{1A0EA6DC-315C-41C4-923B-74BC69E05C5E}"
EndProject
Project("{2150E333-8FDC-42A3-9474-1A3956D46DE8}") = "Solution Items", "Solution Items", "{EF1494AD-CEB6-4F1B-830B-5C4A16273195}"
ProjectSection(SolutionItems) = preProject
	azure-pipelines.yml = azure-pipelines.yml
	nuget.config = nuget.config
	.github\workflows\dotnet.yml = .github\workflows\dotnet.yml
EndProjectSection
EndProject
Project("{2150E333-8FDC-42A3-9474-1A3956D46DE8}") = "1.Tests", "1.Tests", "{9E532AC9-8EF9-46C2-BAE7-7196A3D4D060}"
EndProject
Project("{2150E333-8FDC-42A3-9474-1A3956D46DE8}") = "1.Projects", "1.Projects", "{F2DE4819-82FB-4C5A-995D-7464EE858F4B}"
EndProject
Project("{FAE04EC0-301F-11D3-BF4B-00C04F79EFBC}") = "HBDStack.Web.GlobalException", "HBDStack.Web.GlobalException\HBDStack.Web.GlobalException.csproj", "{1979E4CD-8DF4-40C6-9AB0-FBCEB17DC1EB}"
EndProject
Project("{2150E333-8FDC-42A3-9474-1A3956D46DE8}") = "1.1 Projects6", "1.1 Projects6", "{6D931A97-9E30-49E9-8020-9A8A34C754A7}"
EndProject
Project("{2150E333-8FDC-42A3-9474-1A3956D46DE8}") = "1.1 Tests6", "1.1 Tests6", "{05F8A46A-995C-416D-BE61-FD138CC96F08}"
EndProject
Project("{FAE04EC0-301F-11D3-BF4B-00C04F79EFBC}") = "Web.Tests", "Web.Tests\Web.Tests.csproj", "{481FE9D2-F70E-407A-97BA-0DEB48FD052B}"
EndProject
Project("{FAE04EC0-301F-11D3-BF4B-00C04F79EFBC}") = "HBDStack.Web.Auths", "HBDStack.Web.Auths\HBDStack.Web.Auths.csproj", "{A8272E0B-142A-40DC-85D5-119A8A4A5F21}"
EndProject
Project("{FAE04EC0-301F-11D3-BF4B-00C04F79EFBC}") = "HBD.Web.GlobalException.Tests", "HBD.Web.GlobalException.Tests\HBD.Web.GlobalException.Tests.csproj", "{AA4BB7A8-0AD1-4616-ABD1-62D0E01A8753}"
EndProject
Project("{FAE04EC0-301F-11D3-BF4B-00C04F79EFBC}") = "HBDStack.Web.Models", "HBDStack.Web.Models\HBDStack.Web.Models.csproj", "{3C911A19-DDE9-4DCA-AB8C-7D088F3659F0}"
EndProject
Project("{FAE04EC0-301F-11D3-BF4B-00C04F79EFBC}") = "HBDStack.Web.Swagger", "HBDStack.Web.Swagger\HBDStack.Web.Swagger.csproj", "{67613506-3E64-4EE8-9FA4-7DA32463F857}"
EndProject
Project("{FAE04EC0-301F-11D3-BF4B-00C04F79EFBC}") = "HBDStack.Web.Extensions", "HBDStack.Web.Extensions\HBDStack.Web.Extensions.csproj", "{60F4E1F3-7540-4F7A-B9FA-B02374756959}"
EndProject
Project("{FAE04EC0-301F-11D3-BF4B-00C04F79EFBC}") = "HBDStack.Web.Auths.SAML", "HBDStack.Web.Auths.SAML\HBDStack.Web.Auths.SAML.csproj", "{E998B089-7FEF-45E1-9FDB-2B67271102D2}"
EndProject
Project("{FAE04EC0-301F-11D3-BF4B-00C04F79EFBC}") = "HBDStack.Web.Auths.OpenID", "HBDStack.Web.Auths.OpenID\HBDStack.Web.Auths.OpenID.csproj", "{170DA7A2-1EE2-4C50-BA24-B9E260767DB3}"
EndProject
Project("{FAE04EC0-301F-11D3-BF4B-00C04F79EFBC}") = "HBD.Reactjs.Auths", "HBD.Reactjs.Auths\HBD.Reactjs.Auths.csproj", "{DCB1CDE7-3115-4F4A-9704-46849B8196A3}"
EndProject
Project("{FAE04EC0-301F-11D3-BF4B-00C04F79EFBC}") = "HBD.Auths.WebIdentity", "HBD.Auths.WebIdentity\HBD.Auths.WebIdentity.csproj", "{93C28FD7-531A-4217-92B1-85E0C197BB29}"
EndProject
Project("{FAE04EC0-301F-11D3-BF4B-00C04F79EFBC}") = "HBDStack.Web.RequestLogs", "HBDStack.Web.RequestLogs\HBDStack.Web.RequestLogs.csproj", "{469975C4-C5B6-47C3-AC46-C1DC96330F3A}"
EndProject
Project("{FAE04EC0-301F-11D3-BF4B-00C04F79EFBC}") = "HBDStack.Web.RequestLogs.Storages.Sql", "HBDStack.Web.RequestLogs.Storages.Sql\HBDStack.Web.RequestLogs.Storages.Sql.csproj", "{45B77854-D596-4C14-B357-DBEE0DBD0120}"
EndProject
Project("{FAE04EC0-301F-11D3-BF4B-00C04F79EFBC}") = "Web.Logs", "Web.Logs\Web.Logs.csproj", "{1D07DC22-2F0C-4417-B9BC-2D23FD8472D5}"
EndProject
Project("{FAE04EC0-301F-11D3-BF4B-00C04F79EFBC}") = "HBD.Web.Logs.Storages.Sql.Tests", "HBD.Web.Logs.Storages.Sql.Tests\HBD.Web.Logs.Storages.Sql.Tests.csproj", "{6C77753A-7E86-4793-AD18-55D93371B54C}"
EndProject
Project("{FAE04EC0-301F-11D3-BF4B-00C04F79EFBC}") = "HBDStack.Web.Auths.Identity", "HBDStack.Web.Auths.Identity\HBDStack.Web.Auths.Identity.csproj", "{82D75A36-4AB9-4058-93CA-EE43C40C2492}"
EndProject
Project("{FAE04EC0-301F-11D3-BF4B-00C04F79EFBC}") = "HBDStack.Web.Extensions.Tests", "HBDStack.Web.Extensions.Tests\HBDStack.Web.Extensions.Tests.csproj", "{FE9741BB-E09B-4A24-A4E4-EA042BC7A5BC}"
EndProject
Global
	GlobalSection(SolutionConfigurationPlatforms) = preSolution
		Debug|Any CPU = Debug|Any CPU
		Release|Any CPU = Release|Any CPU
	EndGlobalSection
	GlobalSection(ProjectConfigurationPlatforms) = postSolution
		{2825913E-0A3E-450E-8351-7E52207CCECF}.Debug|Any CPU.ActiveCfg = Debug|Any CPU
		{2825913E-0A3E-450E-8351-7E52207CCECF}.Debug|Any CPU.Build.0 = Debug|Any CPU
		{2825913E-0A3E-450E-8351-7E52207CCECF}.Release|Any CPU.ActiveCfg = Release|Any CPU
		{2825913E-0A3E-450E-8351-7E52207CCECF}.Release|Any CPU.Build.0 = Release|Any CPU
		{9C9BEFBE-D694-4753-AF7E-D9AFB34C6AD0}.Debug|Any CPU.ActiveCfg = Debug|Any CPU
		{9C9BEFBE-D694-4753-AF7E-D9AFB34C6AD0}.Debug|Any CPU.Build.0 = Debug|Any CPU
		{9C9BEFBE-D694-4753-AF7E-D9AFB34C6AD0}.Release|Any CPU.ActiveCfg = Release|Any CPU
		{9C9BEFBE-D694-4753-AF7E-D9AFB34C6AD0}.Release|Any CPU.Build.0 = Release|Any CPU
		{422251FB-E70B-4E6B-9C8B-379A045112A0}.Debug|Any CPU.ActiveCfg = Debug|Any CPU
		{422251FB-E70B-4E6B-9C8B-379A045112A0}.Debug|Any CPU.Build.0 = Debug|Any CPU
		{422251FB-E70B-4E6B-9C8B-379A045112A0}.Release|Any CPU.ActiveCfg = Release|Any CPU
		{422251FB-E70B-4E6B-9C8B-379A045112A0}.Release|Any CPU.Build.0 = Release|Any CPU
		{1A0EA6DC-315C-41C4-923B-74BC69E05C5E}.Debug|Any CPU.ActiveCfg = Debug|Any CPU
		{1A0EA6DC-315C-41C4-923B-74BC69E05C5E}.Debug|Any CPU.Build.0 = Debug|Any CPU
		{1A0EA6DC-315C-41C4-923B-74BC69E05C5E}.Release|Any CPU.ActiveCfg = Release|Any CPU
		{1A0EA6DC-315C-41C4-923B-74BC69E05C5E}.Release|Any CPU.Build.0 = Release|Any CPU
		{1979E4CD-8DF4-40C6-9AB0-FBCEB17DC1EB}.Debug|Any CPU.ActiveCfg = Debug|Any CPU
		{1979E4CD-8DF4-40C6-9AB0-FBCEB17DC1EB}.Debug|Any CPU.Build.0 = Debug|Any CPU
		{1979E4CD-8DF4-40C6-9AB0-FBCEB17DC1EB}.Release|Any CPU.ActiveCfg = Release|Any CPU
		{1979E4CD-8DF4-40C6-9AB0-FBCEB17DC1EB}.Release|Any CPU.Build.0 = Release|Any CPU
		{481FE9D2-F70E-407A-97BA-0DEB48FD052B}.Debug|Any CPU.ActiveCfg = Debug|Any CPU
		{481FE9D2-F70E-407A-97BA-0DEB48FD052B}.Debug|Any CPU.Build.0 = Debug|Any CPU
		{481FE9D2-F70E-407A-97BA-0DEB48FD052B}.Release|Any CPU.ActiveCfg = Release|Any CPU
		{481FE9D2-F70E-407A-97BA-0DEB48FD052B}.Release|Any CPU.Build.0 = Release|Any CPU
		{A8272E0B-142A-40DC-85D5-119A8A4A5F21}.Debug|Any CPU.ActiveCfg = Debug|Any CPU
		{A8272E0B-142A-40DC-85D5-119A8A4A5F21}.Debug|Any CPU.Build.0 = Debug|Any CPU
		{A8272E0B-142A-40DC-85D5-119A8A4A5F21}.Release|Any CPU.ActiveCfg = Release|Any CPU
		{A8272E0B-142A-40DC-85D5-119A8A4A5F21}.Release|Any CPU.Build.0 = Release|Any CPU
		{AA4BB7A8-0AD1-4616-ABD1-62D0E01A8753}.Debug|Any CPU.ActiveCfg = Debug|Any CPU
		{AA4BB7A8-0AD1-4616-ABD1-62D0E01A8753}.Debug|Any CPU.Build.0 = Debug|Any CPU
		{AA4BB7A8-0AD1-4616-ABD1-62D0E01A8753}.Release|Any CPU.ActiveCfg = Release|Any CPU
		{AA4BB7A8-0AD1-4616-ABD1-62D0E01A8753}.Release|Any CPU.Build.0 = Release|Any CPU
		{3C911A19-DDE9-4DCA-AB8C-7D088F3659F0}.Debug|Any CPU.ActiveCfg = Debug|Any CPU
		{3C911A19-DDE9-4DCA-AB8C-7D088F3659F0}.Debug|Any CPU.Build.0 = Debug|Any CPU
		{3C911A19-DDE9-4DCA-AB8C-7D088F3659F0}.Release|Any CPU.ActiveCfg = Release|Any CPU
		{3C911A19-DDE9-4DCA-AB8C-7D088F3659F0}.Release|Any CPU.Build.0 = Release|Any CPU
		{67613506-3E64-4EE8-9FA4-7DA32463F857}.Debug|Any CPU.ActiveCfg = Debug|Any CPU
		{67613506-3E64-4EE8-9FA4-7DA32463F857}.Debug|Any CPU.Build.0 = Debug|Any CPU
		{67613506-3E64-4EE8-9FA4-7DA32463F857}.Release|Any CPU.ActiveCfg = Release|Any CPU
		{67613506-3E64-4EE8-9FA4-7DA32463F857}.Release|Any CPU.Build.0 = Release|Any CPU
		{60F4E1F3-7540-4F7A-B9FA-B02374756959}.Debug|Any CPU.ActiveCfg = Debug|Any CPU
		{60F4E1F3-7540-4F7A-B9FA-B02374756959}.Debug|Any CPU.Build.0 = Debug|Any CPU
		{60F4E1F3-7540-4F7A-B9FA-B02374756959}.Release|Any CPU.ActiveCfg = Release|Any CPU
		{60F4E1F3-7540-4F7A-B9FA-B02374756959}.Release|Any CPU.Build.0 = Release|Any CPU
		{E998B089-7FEF-45E1-9FDB-2B67271102D2}.Debug|Any CPU.ActiveCfg = Debug|Any CPU
		{E998B089-7FEF-45E1-9FDB-2B67271102D2}.Debug|Any CPU.Build.0 = Debug|Any CPU
		{E998B089-7FEF-45E1-9FDB-2B67271102D2}.Release|Any CPU.ActiveCfg = Release|Any CPU
		{E998B089-7FEF-45E1-9FDB-2B67271102D2}.Release|Any CPU.Build.0 = Release|Any CPU
		{170DA7A2-1EE2-4C50-BA24-B9E260767DB3}.Debug|Any CPU.ActiveCfg = Debug|Any CPU
		{170DA7A2-1EE2-4C50-BA24-B9E260767DB3}.Debug|Any CPU.Build.0 = Debug|Any CPU
		{170DA7A2-1EE2-4C50-BA24-B9E260767DB3}.Release|Any CPU.ActiveCfg = Release|Any CPU
		{170DA7A2-1EE2-4C50-BA24-B9E260767DB3}.Release|Any CPU.Build.0 = Release|Any CPU
		{DCB1CDE7-3115-4F4A-9704-46849B8196A3}.Debug|Any CPU.ActiveCfg = Debug|Any CPU
		{DCB1CDE7-3115-4F4A-9704-46849B8196A3}.Debug|Any CPU.Build.0 = Debug|Any CPU
		{DCB1CDE7-3115-4F4A-9704-46849B8196A3}.Release|Any CPU.ActiveCfg = Release|Any CPU
		{DCB1CDE7-3115-4F4A-9704-46849B8196A3}.Release|Any CPU.Build.0 = Release|Any CPU
		{93C28FD7-531A-4217-92B1-85E0C197BB29}.Debug|Any CPU.ActiveCfg = Debug|Any CPU
		{93C28FD7-531A-4217-92B1-85E0C197BB29}.Debug|Any CPU.Build.0 = Debug|Any CPU
		{93C28FD7-531A-4217-92B1-85E0C197BB29}.Release|Any CPU.ActiveCfg = Release|Any CPU
		{93C28FD7-531A-4217-92B1-85E0C197BB29}.Release|Any CPU.Build.0 = Release|Any CPU
		{469975C4-C5B6-47C3-AC46-C1DC96330F3A}.Debug|Any CPU.ActiveCfg = Debug|Any CPU
		{469975C4-C5B6-47C3-AC46-C1DC96330F3A}.Debug|Any CPU.Build.0 = Debug|Any CPU
		{469975C4-C5B6-47C3-AC46-C1DC96330F3A}.Release|Any CPU.ActiveCfg = Release|Any CPU
		{469975C4-C5B6-47C3-AC46-C1DC96330F3A}.Release|Any CPU.Build.0 = Release|Any CPU
		{45B77854-D596-4C14-B357-DBEE0DBD0120}.Debug|Any CPU.ActiveCfg = Debug|Any CPU
		{45B77854-D596-4C14-B357-DBEE0DBD0120}.Debug|Any CPU.Build.0 = Debug|Any CPU
		{45B77854-D596-4C14-B357-DBEE0DBD0120}.Release|Any CPU.ActiveCfg = Release|Any CPU
		{45B77854-D596-4C14-B357-DBEE0DBD0120}.Release|Any CPU.Build.0 = Release|Any CPU
		{1D07DC22-2F0C-4417-B9BC-2D23FD8472D5}.Debug|Any CPU.ActiveCfg = Debug|Any CPU
		{1D07DC22-2F0C-4417-B9BC-2D23FD8472D5}.Debug|Any CPU.Build.0 = Debug|Any CPU
		{1D07DC22-2F0C-4417-B9BC-2D23FD8472D5}.Release|Any CPU.ActiveCfg = Release|Any CPU
		{1D07DC22-2F0C-4417-B9BC-2D23FD8472D5}.Release|Any CPU.Build.0 = Release|Any CPU
		{6C77753A-7E86-4793-AD18-55D93371B54C}.Debug|Any CPU.ActiveCfg = Debug|Any CPU
		{6C77753A-7E86-4793-AD18-55D93371B54C}.Debug|Any CPU.Build.0 = Debug|Any CPU
		{6C77753A-7E86-4793-AD18-55D93371B54C}.Release|Any CPU.ActiveCfg = Release|Any CPU
		{6C77753A-7E86-4793-AD18-55D93371B54C}.Release|Any CPU.Build.0 = Release|Any CPU
		{82D75A36-4AB9-4058-93CA-EE43C40C2492}.Debug|Any CPU.ActiveCfg = Debug|Any CPU
		{82D75A36-4AB9-4058-93CA-EE43C40C2492}.Debug|Any CPU.Build.0 = Debug|Any CPU
		{82D75A36-4AB9-4058-93CA-EE43C40C2492}.Release|Any CPU.ActiveCfg = Release|Any CPU
		{82D75A36-4AB9-4058-93CA-EE43C40C2492}.Release|Any CPU.Build.0 = Release|Any CPU
		{FE9741BB-E09B-4A24-A4E4-EA042BC7A5BC}.Debug|Any CPU.ActiveCfg = Debug|Any CPU
		{FE9741BB-E09B-4A24-A4E4-EA042BC7A5BC}.Debug|Any CPU.Build.0 = Debug|Any CPU
		{FE9741BB-E09B-4A24-A4E4-EA042BC7A5BC}.Release|Any CPU.ActiveCfg = Release|Any CPU
		{FE9741BB-E09B-4A24-A4E4-EA042BC7A5BC}.Release|Any CPU.Build.0 = Release|Any CPU
	EndGlobalSection
	GlobalSection(SolutionProperties) = preSolution
		HideSolutionNode = FALSE
	EndGlobalSection
	GlobalSection(ExtensibilityGlobals) = postSolution
		SolutionGuid = {EB348CA0-FCAC-4DBD-8896-682AC0BAFA00}
	EndGlobalSection
	GlobalSection(NestedProjects) = preSolution
		{9C9BEFBE-D694-4753-AF7E-D9AFB34C6AD0} = {9E532AC9-8EF9-46C2-BAE7-7196A3D4D060}
		{1A0EA6DC-315C-41C4-923B-74BC69E05C5E} = {9E532AC9-8EF9-46C2-BAE7-7196A3D4D060}
		{422251FB-E70B-4E6B-9C8B-379A045112A0} = {F2DE4819-82FB-4C5A-995D-7464EE858F4B}
		{2825913E-0A3E-450E-8351-7E52207CCECF} = {F2DE4819-82FB-4C5A-995D-7464EE858F4B}
		{1979E4CD-8DF4-40C6-9AB0-FBCEB17DC1EB} = {6D931A97-9E30-49E9-8020-9A8A34C754A7}
		{481FE9D2-F70E-407A-97BA-0DEB48FD052B} = {05F8A46A-995C-416D-BE61-FD138CC96F08}
		{A8272E0B-142A-40DC-85D5-119A8A4A5F21} = {6D931A97-9E30-49E9-8020-9A8A34C754A7}
		{AA4BB7A8-0AD1-4616-ABD1-62D0E01A8753} = {05F8A46A-995C-416D-BE61-FD138CC96F08}
		{3C911A19-DDE9-4DCA-AB8C-7D088F3659F0} = {6D931A97-9E30-49E9-8020-9A8A34C754A7}
		{67613506-3E64-4EE8-9FA4-7DA32463F857} = {6D931A97-9E30-49E9-8020-9A8A34C754A7}
		{60F4E1F3-7540-4F7A-B9FA-B02374756959} = {6D931A97-9E30-49E9-8020-9A8A34C754A7}
		{E998B089-7FEF-45E1-9FDB-2B67271102D2} = {6D931A97-9E30-49E9-8020-9A8A34C754A7}
		{170DA7A2-1EE2-4C50-BA24-B9E260767DB3} = {6D931A97-9E30-49E9-8020-9A8A34C754A7}
		{DCB1CDE7-3115-4F4A-9704-46849B8196A3} = {05F8A46A-995C-416D-BE61-FD138CC96F08}
		{93C28FD7-531A-4217-92B1-85E0C197BB29} = {05F8A46A-995C-416D-BE61-FD138CC96F08}
		{469975C4-C5B6-47C3-AC46-C1DC96330F3A} = {6D931A97-9E30-49E9-8020-9A8A34C754A7}
		{45B77854-D596-4C14-B357-DBEE0DBD0120} = {6D931A97-9E30-49E9-8020-9A8A34C754A7}
		{1D07DC22-2F0C-4417-B9BC-2D23FD8472D5} = {05F8A46A-995C-416D-BE61-FD138CC96F08}
		{6C77753A-7E86-4793-AD18-55D93371B54C} = {05F8A46A-995C-416D-BE61-FD138CC96F08}
		{82D75A36-4AB9-4058-93CA-EE43C40C2492} = {6D931A97-9E30-49E9-8020-9A8A34C754A7}
		{FE9741BB-E09B-4A24-A4E4-EA042BC7A5BC} = {05F8A46A-995C-416D-BE61-FD138CC96F08}
	EndGlobalSection
EndGlobal
